
Microsoft Visual Studio Solution File, Format Version 12.00
# Visual Studio Version 17
VisualStudioVersion = 17.7.34202.233
MinimumVisualStudioVersion = 10.0.40219.1
Project("{FAE04EC0-301F-11D3-BF4B-00C04F79EFBC}") = "Calendar", "Calendar\Calendar.csproj", "{4DDA3581-6F68-4309-91A4-54ABDAD6673E}"
EndProject
Global
	GlobalSection(SolutionConfigurationPlatforms) = preSolution
		Debug|Any CPU = Debug|Any CPU
		Release|Any CPU = Release|Any CPU
	EndGlobalSection
	GlobalSection(ProjectConfigurationPlatforms) = postSolution
		{4DDA3581-6F68-4309-91A4-54ABDAD6673E}.Debug|Any CPU.ActiveCfg = Debug|Any CPU
		{4DDA3581-6F68-4309-91A4-54ABDAD6673E}.Debug|Any CPU.Build.0 = Debug|Any CPU
		{4DDA3581-6F68-4309-91A4-54ABDAD6673E}.Release|Any CPU.ActiveCfg = Release|Any CPU
		{4DDA3581-6F68-4309-91A4-54ABDAD6673E}.Release|Any CPU.Build.0 = Release|Any CPU
	EndGlobalSection
	GlobalSection(SolutionProperties) = preSolution
		HideSolutionNode = FALSE
	EndGlobalSection
	GlobalSection(ExtensibilityGlobals) = postSolution
		SolutionGuid = {D7497472-EC44-43CE-8533-018CC29C4C64}
	EndGlobalSection
EndGlobal
